
Microsoft Visual Studio Solution File, Format Version 12.00
# Visual Studio 15
VisualStudioVersion = 15.0.27004.2005
MinimumVisualStudioVersion = 10.0.40219.1
Project("{8BC9CEB8-8B4A-11D0-8D11-00A0C91BC942}") = "ThreadHijacking", "ThreadHijacking\ThreadHijacking.vcxproj", "{F70C3A75-FFB7-4400-B8C2-229164E5D02C}"
EndProject
Project("{2150E333-8FDC-42A3-9474-1A3956D46DE8}") = "Solution Items", "Solution Items", "{8A5129DF-E141-4AC5-A4CA-8DE9860EC587}"
	ProjectSection(SolutionItems) = preProject
		README.md = README.md
	EndProjectSection
EndProject
Global
	GlobalSection(SolutionConfigurationPlatforms) = preSolution
		Debug|x64 = Debug|x64
		Debug|x86 = Debug|x86
		Release|x64 = Release|x64
		Release|x86 = Release|x86
	EndGlobalSection
	GlobalSection(ProjectConfigurationPlatforms) = postSolution
		{F70C3A75-FFB7-4400-B8C2-229164E5D02C}.Debug|x64.ActiveCfg = Debug|x64
		{F70C3A75-FFB7-4400-B8C2-229164E5D02C}.Debug|x64.Build.0 = Debug|x64
		{F70C3A75-FFB7-4400-B8C2-229164E5D02C}.Debug|x86.ActiveCfg = Debug|Win32
		{F70C3A75-FFB7-4400-B8C2-229164E5D02C}.Debug|x86.Build.0 = Debug|Win32
		{F70C3A75-FFB7-4400-B8C2-229164E5D02C}.Release|x64.ActiveCfg = Release|x64
		{F70C3A75-FFB7-4400-B8C2-229164E5D02C}.Release|x64.Build.0 = Release|x64
		{F70C3A75-FFB7-4400-B8C2-229164E5D02C}.Release|x86.ActiveCfg = Release|Win32
		{F70C3A75-FFB7-4400-B8C2-229164E5D02C}.Release|x86.Build.0 = Release|Win32
	EndGlobalSection
	GlobalSection(SolutionProperties) = preSolution
		HideSolutionNode = FALSE
	EndGlobalSection
	GlobalSection(ExtensibilityGlobals) = postSolution
		SolutionGuid = {C0C1312E-0BCD-491D-B4AB-7D14B43FCDC4}
	EndGlobalSection
EndGlobal
